
Microsoft Visual Studio Solution File, Format Version 12.00
# Visual Studio Version 16
VisualStudioVersion = 16.0.29820.132
MinimumVisualStudioVersion = 10.0.40219.1
Project("{FAE04EC0-301F-11D3-BF4B-00C04F79EFBC}") = "Samples", "Samples.csproj", "{717E6336-DDE0-42E7-B347-9692D9BF0274}"
EndProject
Global
	GlobalSection(SolutionConfigurationPlatforms) = preSolution
		Debug|Any CPU = Debug|Any CPU
		Release|Any CPU = Release|Any CPU
	EndGlobalSection
	GlobalSection(ProjectConfigurationPlatforms) = postSolution
		{717E6336-DDE0-42E7-B347-9692D9BF0274}.Debug|Any CPU.ActiveCfg = Debug|Any CPU
		{717E6336-DDE0-42E7-B347-9692D9BF0274}.Debug|Any CPU.Build.0 = Debug|Any CPU
		{717E6336-DDE0-42E7-B347-9692D9BF0274}.Release|Any CPU.ActiveCfg = Release|Any CPU
		{717E6336-DDE0-42E7-B347-9692D9BF0274}.Release|Any CPU.Build.0 = Release|Any CPU
	EndGlobalSection
	GlobalSection(SolutionProperties) = preSolution
		HideSolutionNode = FALSE
	EndGlobalSection
	GlobalSection(ExtensibilityGlobals) = postSolution
		SolutionGuid = {B61E214F-48B6-47DE-83C8-193A1990F2C7}
	EndGlobalSection
EndGlobal
